
Microsoft Visual Studio Solution File, Format Version 12.00
# Visual Studio Version 17
VisualStudioVersion = 17.9.34622.214
MinimumVisualStudioVersion = 10.0.40219.1
Project("{9A19103F-16F7-4668-BE54-9A1E7A4F7556}") = "DependencyInjectionTest", "DependencyInjectionTest\DependencyInjectionTest.csproj", "{3641F9FA-3F67-46B4-90EA-B87E112D5D58}"
EndProject
Project("{9A19103F-16F7-4668-BE54-9A1E7A4F7556}") = "Test", "Test\Test.csproj", "{F929FB5E-2EFC-4B72-9D32-66CF8D665124}"
EndProject
Project("{9A19103F-16F7-4668-BE54-9A1E7A4F7556}") = "Entities", "Entities\Entities.csproj", "{2222F3C5-3B60-486D-8FA5-EA445A5DD5D4}"
EndProject
Project("{9A19103F-16F7-4668-BE54-9A1E7A4F7556}") = "ServiceContracts", "ServiceContracts\ServiceContracts.csproj", "{0CACE282-0E94-4686-8F2C-01AFEA759DFD}"
EndProject
Project("{FAE04EC0-301F-11D3-BF4B-00C04F79EFBC}") = "Services", "Services\Services.csproj", "{696413D2-3BF6-402F-9291-214DD81AC963}"
EndProject
Global
	GlobalSection(SolutionConfigurationPlatforms) = preSolution
		Debug|Any CPU = Debug|Any CPU
		Release|Any CPU = Release|Any CPU
	EndGlobalSection
	GlobalSection(ProjectConfigurationPlatforms) = postSolution
		{3641F9FA-3F67-46B4-90EA-B87E112D5D58}.Debug|Any CPU.ActiveCfg = Debug|Any CPU
		{3641F9FA-3F67-46B4-90EA-B87E112D5D58}.Debug|Any CPU.Build.0 = Debug|Any CPU
		{3641F9FA-3F67-46B4-90EA-B87E112D5D58}.Release|Any CPU.ActiveCfg = Release|Any CPU
		{3641F9FA-3F67-46B4-90EA-B87E112D5D58}.Release|Any CPU.Build.0 = Release|Any CPU
		{F929FB5E-2EFC-4B72-9D32-66CF8D665124}.Debug|Any CPU.ActiveCfg = Debug|Any CPU
		{F929FB5E-2EFC-4B72-9D32-66CF8D665124}.Debug|Any CPU.Build.0 = Debug|Any CPU
		{F929FB5E-2EFC-4B72-9D32-66CF8D665124}.Release|Any CPU.ActiveCfg = Release|Any CPU
		{F929FB5E-2EFC-4B72-9D32-66CF8D665124}.Release|Any CPU.Build.0 = Release|Any CPU
		{2222F3C5-3B60-486D-8FA5-EA445A5DD5D4}.Debug|Any CPU.ActiveCfg = Debug|Any CPU
		{2222F3C5-3B60-486D-8FA5-EA445A5DD5D4}.Debug|Any CPU.Build.0 = Debug|Any CPU
		{2222F3C5-3B60-486D-8FA5-EA445A5DD5D4}.Release|Any CPU.ActiveCfg = Release|Any CPU
		{2222F3C5-3B60-486D-8FA5-EA445A5DD5D4}.Release|Any CPU.Build.0 = Release|Any CPU
		{0CACE282-0E94-4686-8F2C-01AFEA759DFD}.Debug|Any CPU.ActiveCfg = Debug|Any CPU
		{0CACE282-0E94-4686-8F2C-01AFEA759DFD}.Debug|Any CPU.Build.0 = Debug|Any CPU
		{0CACE282-0E94-4686-8F2C-01AFEA759DFD}.Release|Any CPU.ActiveCfg = Release|Any CPU
		{0CACE282-0E94-4686-8F2C-01AFEA759DFD}.Release|Any CPU.Build.0 = Release|Any CPU
		{696413D2-3BF6-402F-9291-214DD81AC963}.Debug|Any CPU.ActiveCfg = Debug|Any CPU
		{696413D2-3BF6-402F-9291-214DD81AC963}.Debug|Any CPU.Build.0 = Debug|Any CPU
		{696413D2-3BF6-402F-9291-214DD81AC963}.Release|Any CPU.ActiveCfg = Release|Any CPU
		{696413D2-3BF6-402F-9291-214DD81AC963}.Release|Any CPU.Build.0 = Release|Any CPU
	EndGlobalSection
	GlobalSection(SolutionProperties) = preSolution
		HideSolutionNode = FALSE
	EndGlobalSection
	GlobalSection(ExtensibilityGlobals) = postSolution
		SolutionGuid = {88581A61-DC26-4DCC-8DBB-46DC504EC506}
	EndGlobalSection
EndGlobal
