
Microsoft Visual Studio Solution File, Format Version 12.00
# Visual Studio Version 17
VisualStudioVersion = 17.9.34622.214
MinimumVisualStudioVersion = 10.0.40219.1
Project("{FAE04EC0-301F-11D3-BF4B-00C04F79EFBC}") = "MiddlewareLoginApp", "MiddlewareLoginApp\MiddlewareLoginApp.csproj", "{EFE6A45A-D083-4683-9EFC-00730152F369}"
EndProject
Global
	GlobalSection(SolutionConfigurationPlatforms) = preSolution
		Debug|Any CPU = Debug|Any CPU
		Release|Any CPU = Release|Any CPU
	EndGlobalSection
	GlobalSection(ProjectConfigurationPlatforms) = postSolution
		{EFE6A45A-D083-4683-9EFC-00730152F369}.Debug|Any CPU.ActiveCfg = Debug|Any CPU
		{EFE6A45A-D083-4683-9EFC-00730152F369}.Debug|Any CPU.Build.0 = Debug|Any CPU
		{EFE6A45A-D083-4683-9EFC-00730152F369}.Release|Any CPU.ActiveCfg = Release|Any CPU
		{EFE6A45A-D083-4683-9EFC-00730152F369}.Release|Any CPU.Build.0 = Release|Any CPU
	EndGlobalSection
	GlobalSection(SolutionProperties) = preSolution
		HideSolutionNode = FALSE
	EndGlobalSection
	GlobalSection(ExtensibilityGlobals) = postSolution
		SolutionGuid = {24001141-96C5-41B7-AD4C-62E8CF5112CA}
	EndGlobalSection
EndGlobal
